
Microsoft Visual Studio Solution File, Format Version 12.00
# Visual Studio Version 17
VisualStudioVersion = 17.11.35327.3
MinimumVisualStudioVersion = 10.0.40219.1
Project("{FAE04EC0-301F-11D3-BF4B-00C04F79EFBC}") = "LearnNest_Backend", "LearnNest_Backend\LearnNest_Backend.csproj", "{791E943A-C8BD-44F4-855D-A2B8BA81233D}"
EndProject
Global
	GlobalSection(SolutionConfigurationPlatforms) = preSolution
		Debug|Any CPU = Debug|Any CPU
		Release|Any CPU = Release|Any CPU
	EndGlobalSection
	GlobalSection(ProjectConfigurationPlatforms) = postSolution
		{791E943A-C8BD-44F4-855D-A2B8BA81233D}.Debug|Any CPU.ActiveCfg = Debug|Any CPU
		{791E943A-C8BD-44F4-855D-A2B8BA81233D}.Debug|Any CPU.Build.0 = Debug|Any CPU
		{791E943A-C8BD-44F4-855D-A2B8BA81233D}.Release|Any CPU.ActiveCfg = Release|Any CPU
		{791E943A-C8BD-44F4-855D-A2B8BA81233D}.Release|Any CPU.Build.0 = Release|Any CPU
	EndGlobalSection
	GlobalSection(SolutionProperties) = preSolution
		HideSolutionNode = FALSE
	EndGlobalSection
	GlobalSection(ExtensibilityGlobals) = postSolution
		SolutionGuid = {4E4EDB66-3190-492B-8F39-C71839621231}
	EndGlobalSection
EndGlobal
